// !$*UTF8*$!
{
	archiveVersion = 1;
	classes = {
	};
	objectVersion = 50;
	objects = {

/* Begin PBXBuildFile section */
		719BA03025CF086E00455308 /* AppDelegate.swift in Sources */ = {isa = PBXBuildFile; fileRef = 719BA02F25CF086E00455308 /* AppDelegate.swift */; };
		719BA03225CF086E00455308 /* SceneDelegate.swift in Sources */ = {isa = PBXBuildFile; fileRef = 719BA03125CF086E00455308 /* SceneDelegate.swift */; };
		719BA03425CF086E00455308 /* ViewController.swift in Sources */ = {isa = PBXBuildFile; fileRef = 719BA03325CF086E00455308 /* ViewController.swift */; };
		719BA03725CF086E00455308 /* Main.storyboard in Resources */ = {isa = PBXBuildFile; fileRef = 719BA03525CF086E00455308 /* Main.storyboard */; };
		719BA03925CF086E00455308 /* Assets.xcassets in Resources */ = {isa = PBXBuildFile; fileRef = 719BA03825CF086E00455308 /* Assets.xcassets */; };
		719BA03C25CF086E00455308 /* LaunchScreen.storyboard in Resources */ = {isa = PBXBuildFile; fileRef = 719BA03A25CF086E00455308 /* LaunchScreen.storyboard */; };
		719BA04725CF086F00455308 /* flixTests.swift in Sources */ = {isa = PBXBuildFile; fileRef = 719BA04625CF086F00455308 /* flixTests.swift */; };
		719BA05225CF086F00455308 /* flixUITests.swift in Sources */ = {isa = PBXBuildFile; fileRef = 719BA05125CF086F00455308 /* flixUITests.swift */; };
/* End PBXBuildFile section */

/* Begin PBXContainerItemProxy section */
		719BA04325CF086F00455308 /* PBXContainerItemProxy */ = {
			isa = PBXContainerItemProxy;
			containerPortal = 719BA02425CF086E00455308 /* Project object */;
			proxyType = 1;
			remoteGlobalIDString = 719BA02B25CF086E00455308;
			remoteInfo = flix;
		};
		719BA04E25CF086F00455308 /* PBXContainerItemProxy */ = {
			isa = PBXContainerItemProxy;
			containerPortal = 719BA02425CF086E00455308 /* Project object */;
			proxyType = 1;
			remoteGlobalIDString = 719BA02B25CF086E00455308;
			remoteInfo = flix;
		};
/* End PBXContainerItemProxy section */

/* Begin PBXFileReference section */
		719BA02C25CF086E00455308 /* flix.app */ = {isa = PBXFileReference; explicitFileType = wrapper.application; includeInIndex = 0; path = flix.app; sourceTree = BUILT_PRODUCTS_DIR; };
		719BA02F25CF086E00455308 /* AppDelegate.swift */ = {isa = PBXFileReference; lastKnownFileType = sourcecode.swift; path = AppDelegate.swift; sourceTree = "<group>"; };
		719BA03125CF086E00455308 /* SceneDelegate.swift */ = {isa = PBXFileReference; lastKnownFileType = sourcecode.swift; path = SceneDelegate.swift; sourceTree = "<group>"; };
		719BA03325CF086E00455308 /* ViewController.swift */ = {isa = PBXFileReference; lastKnownFileType = sourcecode.swift; path = ViewController.swift; sourceTree = "<group>"; };
		719BA03625CF086E00455308 /* Base */ = {isa = PBXFileReference; lastKnownFileType = file.storyboard; name = Base; path = Base.lproj/Main.storyboard; sourceTree = "<group>"; };
		719BA03825CF086E00455308 /* Assets.xcassets */ = {isa = PBXFileReference; lastKnownFileType = folder.assetcatalog; path = Assets.xcassets; sourceTree = "<group>"; };
		719BA03B25CF086E00455308 /* Base */ = {isa = PBXFileReference; lastKnownFileType = file.storyboard; name = Base; path = Base.lproj/LaunchScreen.storyboard; sourceTree = "<group>"; };
		719BA03D25CF086E00455308 /* Info.plist */ = {isa = PBXFileReference; lastKnownFileType = text.plist.xml; path = Info.plist; sourceTree = "<group>"; };
		719BA04225CF086F00455308 /* flixTests.xctest */ = {isa = PBXFileReference; explicitFileType = wrapper.cfbundle; includeInIndex = 0; path = flixTests.xctest; sourceTree = BUILT_PRODUCTS_DIR; };
		719BA04625CF086F00455308 /* flixTests.swift */ = {isa = PBXFileReference; lastKnownFileType = sourcecode.swift; path = flixTests.swift; sourceTree = "<group>"; };
		719BA04825CF086F00455308 /* Info.plist */ = {isa = PBXFileReference; lastKnownFileType = text.plist.xml; path = Info.plist; sourceTree = "<group>"; };
		719BA04D25CF086F00455308 /* flixUITests.xctest */ = {isa = PBXFileReference; explicitFileType = wrapper.cfbundle; includeInIndex = 0; path = flixUITests.xctest; sourceTree = BUILT_PRODUCTS_DIR; };
		719BA05125CF086F00455308 /* flixUITests.swift */ = {isa = PBXFileReference; lastKnownFileType = sourcecode.swift; path = flixUITests.swift; sourceTree = "<group>"; };
		719BA05325CF086F00455308 /* Info.plist */ = {isa = PBXFileReference; lastKnownFileType = text.plist.xml; path = Info.plist; sourceTree = "<group>"; };
/* End PBXFileReference section */

/* Begin PBXFrameworksBuildPhase section */
		719BA02925CF086E00455308 /* Frameworks */ = {
			isa = PBXFrameworksBuildPhase;
			buildActionMask = 2147483647;
			files = (
			);
			runOnlyForDeploymentPostprocessing = 0;
		};
		719BA03F25CF086F00455308 /* Frameworks */ = {
			isa = PBXFrameworksBuildPhase;
			buildActionMask = 2147483647;
			files = (
			);
			runOnlyForDeploymentPostprocessing = 0;
		};
		719BA04A25CF086F00455308 /* Frameworks */ = {
			isa = PBXFrameworksBuildPhase;
			buildActionMask = 2147483647;
			files = (
			);
			runOnlyForDeploymentPostprocessing = 0;
		};
/* End PBXFrameworksBuildPhase section */

/* Begin PBXGroup section */
		719BA02325CF086E00455308 = {
			isa = PBXGroup;
			children = (
				719BA02E25CF086E00455308 /* flix */,
				719BA04525CF086F00455308 /* flixTests */,
				719BA05025CF086F00455308 /* flixUITests */,
				719BA02D25CF086E00455308 /* Products */,
			);
			sourceTree = "<group>";
		};
		719BA02D25CF086E00455308 /* Products */ = {
			isa = PBXGroup;
			children = (
				719BA02C25CF086E00455308 /* flix.app */,
				719BA04225CF086F00455308 /* flixTests.xctest */,
				719BA04D25CF086F00455308 /* flixUITests.xctest */,
			);
			name = Products;
			sourceTree = "<group>";
		};
		719BA02E25CF086E00455308 /* flix */ = {
			isa = PBXGroup;
			children = (
				719BA02F25CF086E00455308 /* AppDelegate.swift */,
				719BA03125CF086E00455308 /* SceneDelegate.swift */,
				719BA03325CF086E00455308 /* ViewController.swift */,
				719BA03525CF086E00455308 /* Main.storyboard */,
				719BA03825CF086E00455308 /* Assets.xcassets */,
				719BA03A25CF086E00455308 /* LaunchScreen.storyboard */,
				719BA03D25CF086E00455308 /* Info.plist */,
			);
			path = flix;
			sourceTree = "<group>";
		};
		719BA04525CF086F00455308 /* flixTests */ = {
			isa = PBXGroup;
			children = (
				719BA04625CF086F00455308 /* flixTests.swift */,
				719BA04825CF086F00455308 /* Info.plist */,
			);
			path = flixTests;
			sourceTree = "<group>";
		};
		719BA05025CF086F00455308 /* flixUITests */ = {
			isa = PBXGroup;
			children = (
				719BA05125CF086F00455308 /* flixUITests.swift */,
				719BA05325CF086F00455308 /* Info.plist */,
			);
			path = flixUITests;
			sourceTree = "<group>";
		};
/* End PBXGroup section */

/* Begin PBXNativeTarget section */
		719BA02B25CF086E00455308 /* flix */ = {
			isa = PBXNativeTarget;
			buildConfigurationList = 719BA05625CF086F00455308 /* Build configuration list for PBXNativeTarget "flix" */;
			buildPhases = (
				719BA02825CF086E00455308 /* Sources */,
				719BA02925CF086E00455308 /* Frameworks */,
				719BA02A25CF086E00455308 /* Resources */,
			);
			buildRules = (
			);
			dependencies = (
			);
			name = flix;
			productName = flix;
			productReference = 719BA02C25CF086E00455308 /* flix.app */;
			productType = "com.apple.product-type.application";
		};
		719BA04125CF086F00455308 /* flixTests */ = {
			isa = PBXNativeTarget;
			buildConfigurationList = 719BA05925CF086F00455308 /* Build configuration list for PBXNativeTarget "flixTests" */;
			buildPhases = (
				719BA03E25CF086F00455308 /* Sources */,
				719BA03F25CF086F00455308 /* Frameworks */,
				719BA04025CF086F00455308 /* Resources */,
			);
			buildRules = (
			);
			dependencies = (
				719BA04425CF086F00455308 /* PBXTargetDependency */,
			);
			name = flixTests;
			productName = flixTests;
			productReference = 719BA04225CF086F00455308 /* flixTests.xctest */;
			productType = "com.apple.product-type.bundle.unit-test";
		};
		719BA04C25CF086F00455308 /* flixUITests */ = {
			isa = PBXNativeTarget;
			buildConfigurationList = 719BA05C25CF086F00455308 /* Build configuration list for PBXNativeTarget "flixUITests" */;
			buildPhases = (
				719BA04925CF086F00455308 /* Sources */,
				719BA04A25CF086F00455308 /* Frameworks */,
				719BA04B25CF086F00455308 /* Resources */,
			);
			buildRules = (
			);
			dependencies = (
				719BA04F25CF086F00455308 /* PBXTargetDependency */,
			);
			name = flixUITests;
			productName = flixUITests;
			productReference = 719BA04D25CF086F00455308 /* flixUITests.xctest */;
			productType = "com.apple.product-type.bundle.ui-testing";
		};
/* End PBXNativeTarget section */

/* Begin PBXProject section */
		719BA02425CF086E00455308 /* Project object */ = {
			isa = PBXProject;
			attributes = {
				LastSwiftUpdateCheck = 1230;
				LastUpgradeCheck = 1230;
				TargetAttributes = {
					719BA02B25CF086E00455308 = {
						CreatedOnToolsVersion = 12.3;
					};
					719BA04125CF086F00455308 = {
						CreatedOnToolsVersion = 12.3;
						TestTargetID = 719BA02B25CF086E00455308;
					};
					719BA04C25CF086F00455308 = {
						CreatedOnToolsVersion = 12.3;
						TestTargetID = 719BA02B25CF086E00455308;
					};
				};
			};
			buildConfigurationList = 719BA02725CF086E00455308 /* Build configuration list for PBXProject "flix" */;
			compatibilityVersion = "Xcode 9.3";
			developmentRegion = en;
			hasScannedForEncodings = 0;
			knownRegions = (
				en,
				Base,
			);
			mainGroup = 719BA02325CF086E00455308;
			productRefGroup = 719BA02D25CF086E00455308 /* Products */;
			projectDirPath = "";
			projectRoot = "";
			targets = (
				719BA02B25CF086E00455308 /* flix */,
				719BA04125CF086F00455308 /* flixTests */,
				719BA04C25CF086F00455308 /* flixUITests */,
			);
		};
/* End PBXProject section */

/* Begin PBXResourcesBuildPhase section */
		719BA02A25CF086E00455308 /* Resources */ = {
			isa = PBXResourcesBuildPhase;
			buildActionMask = 2147483647;
			files = (
				719BA03C25CF086E00455308 /* LaunchScreen.storyboard in Resources */,
				719BA03925CF086E00455308 /* Assets.xcassets in Resources */,
				719BA03725CF086E00455308 /* Main.storyboard in Resources */,
			);
			runOnlyForDeploymentPostprocessing = 0;
		};
		719BA04025CF086F00455308 /* Resources */ = {
			isa = PBXResourcesBuildPhase;
			buildActionMask = 2147483647;
			files = (
			);
			runOnlyForDeploymentPostprocessing = 0;
		};
		719BA04B25CF086F00455308 /* Resources */ = {
			isa = PBXResourcesBuildPhase;
			buildActionMask = 2147483647;
			files = (
			);
			runOnlyForDeploymentPostprocessing = 0;
		};
/* End PBXResourcesBuildPhase section */

/* Begin PBXSourcesBuildPhase section */
		719BA02825CF086E00455308 /* Sources */ = {
			isa = PBXSourcesBuildPhase;
			buildActionMask = 2147483647;
			files = (
				719BA03425CF086E00455308 /* ViewController.swift in Sources */,
				719BA03025CF086E00455308 /* AppDelegate.swift in Sources */,
				719BA03225CF086E00455308 /* SceneDelegate.swift in Sources */,
			);
			runOnlyForDeploymentPostprocessing = 0;
		};
		719BA03E25CF086F00455308 /* Sources */ = {
			isa = PBXSourcesBuildPhase;
			buildActionMask = 2147483647;
			files = (
				719BA04725CF086F00455308 /* flixTests.swift in Sources */,
			);
			runOnlyForDeploymentPostprocessing = 0;
		};
		719BA04925CF086F00455308 /* Sources */ = {
			isa = PBXSourcesBuildPhase;
			buildActionMask = 2147483647;
			files = (
				719BA05225CF086F00455308 /* flixUITests.swift in Sources */,
			);
			runOnlyForDeploymentPostprocessing = 0;
		};
/* End PBXSourcesBuildPhase section */

/* Begin PBXTargetDependency section */
		719BA04425CF086F00455308 /* PBXTargetDependency */ = {
			isa = PBXTargetDependency;
			target = 719BA02B25CF086E00455308 /* flix */;
			targetProxy = 719BA04325CF086F00455308 /* PBXContainerItemProxy */;
		};
		719BA04F25CF086F00455308 /* PBXTargetDependency */ = {
			isa = PBXTargetDependency;
			target = 719BA02B25CF086E00455308 /* flix */;
			targetProxy = 719BA04E25CF086F00455308 /* PBXContainerItemProxy */;
		};
/* End PBXTargetDependency section */

/* Begin PBXVariantGroup section */
		719BA03525CF086E00455308 /* Main.storyboard */ = {
			isa = PBXVariantGroup;
			children = (
				719BA03625CF086E00455308 /* Base */,
			);
			name = Main.storyboard;
			sourceTree = "<group>";
		};
		719BA03A25CF086E00455308 /* LaunchScreen.storyboard */ = {
			isa = PBXVariantGroup;
			children = (
				719BA03B25CF086E00455308 /* Base */,
			);
			name = LaunchScreen.storyboard;
			sourceTree = "<group>";
		};
/* End PBXVariantGroup section */

/* Begin XCBuildConfiguration section */
		719BA05425CF086F00455308 /* Debug */ = {
			isa = XCBuildConfiguration;
			buildSettings = {
				ALWAYS_SEARCH_USER_PATHS = NO;
				CLANG_ANALYZER_NONNULL = YES;
				CLANG_ANALYZER_NUMBER_OBJECT_CONVERSION = YES_AGGRESSIVE;
				CLANG_CXX_LANGUAGE_STANDARD = "gnu++14";
				CLANG_CXX_LIBRARY = "libc++";
				CLANG_ENABLE_MODULES = YES;
				CLANG_ENABLE_OBJC_ARC = YES;
				CLANG_ENABLE_OBJC_WEAK = YES;
				CLANG_WARN_BLOCK_CAPTURE_AUTORELEASING = YES;
				CLANG_WARN_BOOL_CONVERSION = YES;
				CLANG_WARN_COMMA = YES;
				CLANG_WARN_CONSTANT_CONVERSION = YES;
				CLANG_WARN_DEPRECATED_OBJC_IMPLEMENTATIONS = YES;
				CLANG_WARN_DIRECT_OBJC_ISA_USAGE = YES_ERROR;
				CLANG_WARN_DOCUMENTATION_COMMENTS = YES;
				CLANG_WARN_EMPTY_BODY = YES;
				CLANG_WARN_ENUM_CONVERSION = YES;
				CLANG_WARN_INFINITE_RECURSION = YES;
				CLANG_WARN_INT_CONVERSION = YES;
				CLANG_WARN_NON_LITERAL_NULL_CONVERSION = YES;
				CLANG_WARN_OBJC_IMPLICIT_RETAIN_SELF = YES;
				CLANG_WARN_OBJC_LITERAL_CONVERSION = YES;
				CLANG_WARN_OBJC_ROOT_CLASS = YES_ERROR;
				CLANG_WARN_QUOTED_INCLUDE_IN_FRAMEWORK_HEADER = YES;
				CLANG_WARN_RANGE_LOOP_ANALYSIS = YES;
				CLANG_WARN_STRICT_PROTOTYPES = YES;
				CLANG_WARN_SUSPICIOUS_MOVE = YES;
				CLANG_WARN_UNGUARDED_AVAILABILITY = YES_AGGRESSIVE;
				CLANG_WARN_UNREACHABLE_CODE = YES;
				CLANG_WARN__DUPLICATE_METHOD_MATCH = YES;
				COPY_PHASE_STRIP = NO;
				DEBUG_INFORMATION_FORMAT = dwarf;
				ENABLE_STRICT_OBJC_MSGSEND = YES;
				ENABLE_TESTABILITY = YES;
				GCC_C_LANGUAGE_STANDARD = gnu11;
				GCC_DYNAMIC_NO_PIC = NO;
				GCC_NO_COMMON_BLOCKS = YES;
				GCC_OPTIMIZATION_LEVEL = 0;
				GCC_PREPROCESSOR_DEFINITIONS = (
					"DEBUG=1",
					"$(inherited)",
				);
				GCC_WARN_64_TO_32_BIT_CONVERSION = YES;
				GCC_WARN_ABOUT_RETURN_TYPE = YES_ERROR;
				GCC_WARN_UNDECLARED_SELECTOR = YES;
				GCC_WARN_UNINITIALIZED_AUTOS = YES_AGGRESSIVE;
				GCC_WARN_UNUSED_FUNCTION = YES;
				GCC_WARN_UNUSED_VARIABLE = YES;
				IPHONEOS_DEPLOYMENT_TARGET = 14.3;
				MTL_ENABLE_DEBUG_INFO = INCLUDE_SOURCE;
				MTL_FAST_MATH = YES;
				ONLY_ACTIVE_ARCH = YES;
				SDKROOT = iphoneos;
				SWIFT_ACTIVE_COMPILATION_CONDITIONS = DEBUG;
				SWIFT_OPTIMIZATION_LEVEL = "-Onone";
			};
			name = Debug;
		};
		719BA05525CF086F00455308 /* Release */ = {
			isa = XCBuildConfiguration;
			buildSettings = {
				ALWAYS_SEARCH_USER_PATHS = NO;
				CLANG_ANALYZER_NONNULL = YES;
				CLANG_ANALYZER_NUMBER_OBJECT_CONVERSION = YES_AGGRESSIVE;
				CLANG_CXX_LANGUAGE_STANDARD = "gnu++14";
				CLANG_CXX_LIBRARY = "libc++";
				CLANG_ENABLE_MODULES = YES;
				CLANG_ENABLE_OBJC_ARC = YES;
				CLANG_ENABLE_OBJC_WEAK = YES;
				CLANG_WARN_BLOCK_CAPTURE_AUTORELEASING = YES;
				CLANG_WARN_BOOL_CONVERSION = YES;
				CLANG_WARN_COMMA = YES;
				CLANG_WARN_CONSTANT_CONVERSION = YES;
				CLANG_WARN_DEPRECATED_OBJC_IMPLEMENTATIONS = YES;
				CLANG_WARN_DIRECT_OBJC_ISA_USAGE = YES_ERROR;
				CLANG_WARN_DOCUMENTATION_COMMENTS = YES;
				CLANG_WARN_EMPTY_BODY = YES;
				CLANG_WARN_ENUM_CONVERSION = YES;
				CLANG_WARN_INFINITE_RECURSION = YES;
				CLANG_WARN_INT_CONVERSION = YES;
				CLANG_WARN_NON_LITERAL_NULL_CONVERSION = YES;
				CLANG_WARN_OBJC_IMPLICIT_RETAIN_SELF = YES;
				CLANG_WARN_OBJC_LITERAL_CONVERSION = YES;
				CLANG_WARN_OBJC_ROOT_CLASS = YES_ERROR;
				CLANG_WARN_QUOTED_INCLUDE_IN_FRAMEWORK_HEADER = YES;
				CLANG_WARN_RANGE_LOOP_ANALYSIS = YES;
				CLANG_WARN_STRICT_PROTOTYPES = YES;
				CLANG_WARN_SUSPICIOUS_MOVE = YES;
				CLANG_WARN_UNGUARDED_AVAILABILITY = YES_AGGRESSIVE;
				CLANG_WARN_UNREACHABLE_CODE = YES;
				CLANG_WARN__DUPLICATE_METHOD_MATCH = YES;
				COPY_PHASE_STRIP = NO;
				DEBUG_INFORMATION_FORMAT = "dwarf-with-dsym";
				ENABLE_NS_ASSERTIONS = NO;
				ENABLE_STRICT_OBJC_MSGSEND = YES;
				GCC_C_LANGUAGE_STANDARD = gnu11;
				GCC_NO_COMMON_BLOCKS = YES;
				GCC_WARN_64_TO_32_BIT_CONVERSION = YES;
				GCC_WARN_ABOUT_RETURN_TYPE = YES_ERROR;
				GCC_WARN_UNDECLARED_SELECTOR = YES;
				GCC_WARN_UNINITIALIZED_AUTOS = YES_AGGRESSIVE;
				GCC_WARN_UNUSED_FUNCTION = YES;
				GCC_WARN_UNUSED_VARIABLE = YES;
				IPHONEOS_DEPLOYMENT_TARGET = 14.3;
				MTL_ENABLE_DEBUG_INFO = NO;
				MTL_FAST_MATH = YES;
				SDKROOT = iphoneos;
				SWIFT_COMPILATION_MODE = wholemodule;
				SWIFT_OPTIMIZATION_LEVEL = "-O";
				VALIDATE_PRODUCT = YES;
			};
			name = Release;
		};
		719BA05725CF086F00455308 /* Debug */ = {
			isa = XCBuildConfiguration;
			buildSettings = {
				ASSETCATALOG_COMPILER_APPICON_NAME = AppIcon;
				ASSETCATALOG_COMPILER_GLOBAL_ACCENT_COLOR_NAME = AccentColor;
				CODE_SIGN_STYLE = Automatic;
				INFOPLIST_FILE = flix/Info.plist;
				LD_RUNPATH_SEARCH_PATHS = (
					"$(inherited)",
					"@executable_path/Frameworks",
				);
				PRODUCT_BUNDLE_IDENTIFIER = eileen789.flix;
				PRODUCT_NAME = "$(TARGET_NAME)";
				SWIFT_VERSION = 5.0;
				TARGETED_DEVICE_FAMILY = "1,2";
			};
			name = Debug;
		};
		719BA05825CF086F00455308 /* Release */ = {
			isa = XCBuildConfiguration;
			buildSettings = {
				ASSETCATALOG_COMPILER_APPICON_NAME = AppIcon;
				ASSETCATALOG_COMPILER_GLOBAL_ACCENT_COLOR_NAME = AccentColor;
				CODE_SIGN_STYLE = Automatic;
				INFOPLIST_FILE = flix/Info.plist;
				LD_RUNPATH_SEARCH_PATHS = (
					"$(inherited)",
					"@executable_path/Frameworks",
				);
				PRODUCT_BUNDLE_IDENTIFIER = eileen789.flix;
				PRODUCT_NAME = "$(TARGET_NAME)";
				SWIFT_VERSION = 5.0;
				TARGETED_DEVICE_FAMILY = "1,2";
			};
			name = Release;
		};
		719BA05A25CF086F00455308 /* Debug */ = {
			isa = XCBuildConfiguration;
			buildSettings = {
				ALWAYS_EMBED_SWIFT_STANDARD_LIBRARIES = YES;
				BUNDLE_LOADER = "$(TEST_HOST)";
				CODE_SIGN_STYLE = Automatic;
				INFOPLIST_FILE = flixTests/Info.plist;
				IPHONEOS_DEPLOYMENT_TARGET = 14.3;
				LD_RUNPATH_SEARCH_PATHS = (
					"$(inherited)",
					"@executable_path/Frameworks",
					"@loader_path/Frameworks",
				);
				PRODUCT_BUNDLE_IDENTIFIER = eileen789.flixTests;
				PRODUCT_NAME = "$(TARGET_NAME)";
				SWIFT_VERSION = 5.0;
				TARGETED_DEVICE_FAMILY = "1,2";
				TEST_HOST = "$(BUILT_PRODUCTS_DIR)/flix.app/flix";
			};
			name = Debug;
		};
		719BA05B25CF086F00455308 /* Release */ = {
			isa = XCBuildConfiguration;
			buildSettings = {
				ALWAYS_EMBED_SWIFT_STANDARD_LIBRARIES = YES;
				BUNDLE_LOADER = "$(TEST_HOST)";
				CODE_SIGN_STYLE = Automatic;
				INFOPLIST_FILE = flixTests/Info.plist;
				IPHONEOS_DEPLOYMENT_TARGET = 14.3;
				LD_RUNPATH_SEARCH_PATHS = (
					"$(inherited)",
					"@executable_path/Frameworks",
					"@loader_path/Frameworks",
				);
				PRODUCT_BUNDLE_IDENTIFIER = eileen789.flixTests;
				PRODUCT_NAME = "$(TARGET_NAME)";
				SWIFT_VERSION = 5.0;
				TARGETED_DEVICE_FAMILY = "1,2";
				TEST_HOST = "$(BUILT_PRODUCTS_DIR)/flix.app/flix";
			};
			name = Release;
		};
		719BA05D25CF086F00455308 /* Debug */ = {
			isa = XCBuildConfiguration;
			buildSettings = {
				ALWAYS_EMBED_SWIFT_STANDARD_LIBRARIES = YES;
				CODE_SIGN_STYLE = Automatic;
				INFOPLIST_FILE = flixUITests/Info.plist;
				LD_RUNPATH_SEARCH_PATHS = (
					"$(inherited)",
					"@executable_path/Frameworks",
					"@loader_path/Frameworks",
				);
				PRODUCT_BUNDLE_IDENTIFIER = eileen789.flixUITests;
				PRODUCT_NAME = "$(TARGET_NAME)";
				SWIFT_VERSION = 5.0;
				TARGETED_DEVICE_FAMILY = "1,2";
				TEST_TARGET_NAME = flix;
			};
			name = Debug;
		};
		719BA05E25CF086F00455308 /* Release */ = {
			isa = XCBuildConfiguration;
			buildSettings = {
				ALWAYS_EMBED_SWIFT_STANDARD_LIBRARIES = YES;
				CODE_SIGN_STYLE = Automatic;
				INFOPLIST_FILE = flixUITests/Info.plist;
				LD_RUNPATH_SEARCH_PATHS = (
					"$(inherited)",
					"@executable_path/Frameworks",
					"@loader_path/Frameworks",
				);
				PRODUCT_BUNDLE_IDENTIFIER = eileen789.flixUITests;
				PRODUCT_NAME = "$(TARGET_NAME)";
				SWIFT_VERSION = 5.0;
				TARGETED_DEVICE_FAMILY = "1,2";
				TEST_TARGET_NAME = flix;
			};
			name = Release;
		};
/* End XCBuildConfiguration section */

/* Begin XCConfigurationList section */
		719BA02725CF086E00455308 /* Build configuration list for PBXProject "flix" */ = {
			isa = XCConfigurationList;
			buildConfigurations = (
				719BA05425CF086F00455308 /* Debug */,
				719BA05525CF086F00455308 /* Release */,
			);
			defaultConfigurationIsVisible = 0;
			defaultConfigurationName = Release;
		};
		719BA05625CF086F00455308 /* Build configuration list for PBXNativeTarget "flix" */ = {
			isa = XCConfigurationList;
			buildConfigurations = (
				719BA05725CF086F00455308 /* Debug */,
				719BA05825CF086F00455308 /* Release */,
			);
			defaultConfigurationIsVisible = 0;
			defaultConfigurationName = Release;
		};
		719BA05925CF086F00455308 /* Build configuration list for PBXNativeTarget "flixTests" */ = {
			isa = XCConfigurationList;
			buildConfigurations = (
				719BA05A25CF086F00455308 /* Debug */,
				719BA05B25CF086F00455308 /* Release */,
			);
			defaultConfigurationIsVisible = 0;
			defaultConfigurationName = Release;
		};
		719BA05C25CF086F00455308 /* Build configuration list for PBXNativeTarget "flixUITests" */ = {
			isa = XCConfigurationList;
			buildConfigurations = (
				719BA05D25CF086F00455308 /* Debug */,
				719BA05E25CF086F00455308 /* Release */,
			);
			defaultConfigurationIsVisible = 0;
			defaultConfigurationName = Release;
		};
/* End XCConfigurationList section */
	};
	rootObject = 719BA02425CF086E00455308 /* Project object */;
}
